<?xml version="1.0" encoding="utf-8"?>
<Project ToolsVersion="4.0" xmlns="http://schemas.microsoft.com/developer/msbuild/2003">
  <ItemGroup>
    <ClCompile Include="shader.cpp">
      <Filter>C++ Files</Filter>
    </ClCompile>
    <ClCompile Include="Sphere.cpp">
      <Filter>C++ Files</Filter>
    </ClCompile>
    <ClCompile Include="GameObject.cpp">
      <Filter>C++ Files</Filter>
    </ClCompile>
    <ClCompile Include="Model.cpp">
      <Filter>C++ Files</Filter>
    </ClCompile>
    <ClCompile Include="main.cpp">
      <Filter>C++ Files</Filter>
    </ClCompile>
    <ClCompile Include="Player.cpp">
      <Filter>C++ Files</Filter>
    </ClCompile>
    <ClCompile Include="Particle.cpp">
      <Filter>C++ Files</Filter>
    </ClCompile>
    <ClCompile Include="PhysicsBody.cpp">
      <Filter>C++ Files</Filter>
    </ClCompile>
    <ClCompile Include="RigidBody2D.cpp">
      <Filter>C++ Files</Filter>
    </ClCompile>
    <ClCompile Include="ForceGen.cpp">
      <Filter>C++ Files</Filter>
    </ClCompile>
    <ClCompile Include="Camera.cpp">
      <Filter>C++ Files</Filter>
    </ClCompile>
    <ClCompile Include="Collider.cpp">
      <Filter>C++ Files</Filter>
    </ClCompile>
    <ClCompile Include="SphereCollider.cpp">
      <Filter>C++ Files</Filter>
    </ClCompile>
  </ItemGroup>
  <ItemGroup>
    <ClInclude Include="shader.h">
      <Filter>Header Files</Filter>
    </ClInclude>
    <ClInclude Include="vertex.h">
      <Filter>Header Files</Filter>
    </ClInclude>
    <ClInclude Include="Sphere.h">
      <Filter>Header Files</Filter>
    </ClInclude>
    <ClInclude Include="GameObject.h">
      <Filter>Header Files</Filter>
    </ClInclude>
    <ClInclude Include="Model.h">
      <Filter>Header Files</Filter>
    </ClInclude>
    <ClInclude Include="OBJloader.h">
      <Filter>Header Files</Filter>
    </ClInclude>
    <ClInclude Include="Player.h">
      <Filter>Header Files</Filter>
    </ClInclude>
    <ClInclude Include="Particle.h">
      <Filter>Header Files</Filter>
    </ClInclude>
    <ClInclude Include="PhysicsBody.h">
      <Filter>Header Files</Filter>
    </ClInclude>
    <ClInclude Include="RigidBody2D.h">
      <Filter>Header Files</Filter>
    </ClInclude>
    <ClInclude Include="ForceGen.h">
      <Filter>Header Files</Filter>
    </ClInclude>
    <ClInclude Include="Camera.h">
      <Filter>Header Files</Filter>
    </ClInclude>
    <ClInclude Include="Collider.h">
      <Filter>Header Files</Filter>
    </ClInclude>
    <ClInclude Include="SphereCollider.h">
      <Filter>Header Files</Filter>
    </ClInclude>
  </ItemGroup>
  <ItemGroup>
    <Filter Include="C++ Files">
      <UniqueIdentifier>{1d1bf2fd-f2e0-4efb-8752-7c597d2be623}</UniqueIdentifier>
    </Filter>
    <Filter Include="Header Files">
      <UniqueIdentifier>{9fa54158-2ee8-4a3e-a2e7-e5719b7e80bf}</UniqueIdentifier>
    </Filter>
  </ItemGroup>
</Project>